
Microsoft Visual Studio Solution File, Format Version 12.00
# Visual Studio Version 16
VisualStudioVersion = 16.0.30804.86
MinimumVisualStudioVersion = 10.0.40219.1
Project("{FAE04EC0-301F-11D3-BF4B-00C04F79EFBC}") = "WebUserManagement.Mvc.UI", "WebUserManagement.Mvc.UI\WebUserManagement.Mvc.UI.csproj", "{417C0398-C785-4428-B788-3477D8631F6B}"
EndProject
Project("{FAE04EC0-301F-11D3-BF4B-00C04F79EFBC}") = "WebUserManagement.Api", "WebUserManagement.Api\WebUserManagement.Api.csproj", "{A1713964-4DFB-47A9-A32A-B32981334797}"
EndProject
Project("{00D1A9C2-B5F0-4AF3-8072-F6C62B433612}") = "WebUserManagement.Database", "WebUserManagement.Database\WebUserManagement.Database.sqlproj", "{DA3EF630-7B17-4D38-8721-D865FCF9A035}"
EndProject
Project("{FAE04EC0-301F-11D3-BF4B-00C04F79EFBC}") = "WebUserManagement.Tests", "WebUserManagement.Tests\WebUserManagement.Tests.csproj", "{CEE83364-6BC4-43E7-9774-19B3B717C035}"
EndProject
Project("{FAE04EC0-301F-11D3-BF4B-00C04F79EFBC}") = "WebUserManagement.DTO", "WebUserManagement.DTO\WebUserManagement.DTO.csproj", "{438051DC-A9D7-4FD0-B937-21153BA0EF0B}"
EndProject
Project("{FAE04EC0-301F-11D3-BF4B-00C04F79EFBC}") = "WebUserManagement.XUnitTests", "WebUserManagement.XUnitTests\WebUserManagement.XUnitTests.csproj", "{B74D157A-5C5F-46C8-93D2-4D18CB553EC3}"
EndProject
Global
	GlobalSection(SolutionConfigurationPlatforms) = preSolution
		Debug|Any CPU = Debug|Any CPU
		Release|Any CPU = Release|Any CPU
	EndGlobalSection
	GlobalSection(ProjectConfigurationPlatforms) = postSolution
		{417C0398-C785-4428-B788-3477D8631F6B}.Debug|Any CPU.ActiveCfg = Debug|Any CPU
		{417C0398-C785-4428-B788-3477D8631F6B}.Debug|Any CPU.Build.0 = Debug|Any CPU
		{417C0398-C785-4428-B788-3477D8631F6B}.Release|Any CPU.ActiveCfg = Release|Any CPU
		{417C0398-C785-4428-B788-3477D8631F6B}.Release|Any CPU.Build.0 = Release|Any CPU
		{A1713964-4DFB-47A9-A32A-B32981334797}.Debug|Any CPU.ActiveCfg = Debug|Any CPU
		{A1713964-4DFB-47A9-A32A-B32981334797}.Debug|Any CPU.Build.0 = Debug|Any CPU
		{A1713964-4DFB-47A9-A32A-B32981334797}.Release|Any CPU.ActiveCfg = Release|Any CPU
		{A1713964-4DFB-47A9-A32A-B32981334797}.Release|Any CPU.Build.0 = Release|Any CPU
		{DA3EF630-7B17-4D38-8721-D865FCF9A035}.Debug|Any CPU.ActiveCfg = Debug|Any CPU
		{DA3EF630-7B17-4D38-8721-D865FCF9A035}.Debug|Any CPU.Build.0 = Debug|Any CPU
		{DA3EF630-7B17-4D38-8721-D865FCF9A035}.Debug|Any CPU.Deploy.0 = Debug|Any CPU
		{DA3EF630-7B17-4D38-8721-D865FCF9A035}.Release|Any CPU.ActiveCfg = Release|Any CPU
		{DA3EF630-7B17-4D38-8721-D865FCF9A035}.Release|Any CPU.Build.0 = Release|Any CPU
		{DA3EF630-7B17-4D38-8721-D865FCF9A035}.Release|Any CPU.Deploy.0 = Release|Any CPU
		{CEE83364-6BC4-43E7-9774-19B3B717C035}.Debug|Any CPU.ActiveCfg = Debug|Any CPU
		{CEE83364-6BC4-43E7-9774-19B3B717C035}.Debug|Any CPU.Build.0 = Debug|Any CPU
		{CEE83364-6BC4-43E7-9774-19B3B717C035}.Release|Any CPU.ActiveCfg = Release|Any CPU
		{CEE83364-6BC4-43E7-9774-19B3B717C035}.Release|Any CPU.Build.0 = Release|Any CPU
		{438051DC-A9D7-4FD0-B937-21153BA0EF0B}.Debug|Any CPU.ActiveCfg = Debug|Any CPU
		{438051DC-A9D7-4FD0-B937-21153BA0EF0B}.Debug|Any CPU.Build.0 = Debug|Any CPU
		{438051DC-A9D7-4FD0-B937-21153BA0EF0B}.Release|Any CPU.ActiveCfg = Release|Any CPU
		{438051DC-A9D7-4FD0-B937-21153BA0EF0B}.Release|Any CPU.Build.0 = Release|Any CPU
		{B74D157A-5C5F-46C8-93D2-4D18CB553EC3}.Debug|Any CPU.ActiveCfg = Debug|Any CPU
		{B74D157A-5C5F-46C8-93D2-4D18CB553EC3}.Debug|Any CPU.Build.0 = Debug|Any CPU
		{B74D157A-5C5F-46C8-93D2-4D18CB553EC3}.Release|Any CPU.ActiveCfg = Release|Any CPU
		{B74D157A-5C5F-46C8-93D2-4D18CB553EC3}.Release|Any CPU.Build.0 = Release|Any CPU
	EndGlobalSection
	GlobalSection(SolutionProperties) = preSolution
		HideSolutionNode = FALSE
	EndGlobalSection
	GlobalSection(ExtensibilityGlobals) = postSolution
		SolutionGuid = {BC98A62C-DF03-41E5-A59C-968805CCBCA6}
	EndGlobalSection
EndGlobal
